
Microsoft Visual Studio Solution File, Format Version 11.00
# Visual Studio 2010
Project("{FAE04EC0-301F-11D3-BF4B-00C04F79EFBC}") = "Paradiso", "Paradiso\Paradiso.csproj", "{4A84CFF0-5B57-478A-BD42-C1054FB6E5B6}"
EndProject
Project("{FAE04EC0-301F-11D3-BF4B-00C04F79EFBC}") = "CommonLibrary", "CommonLibrary\CommonLibrary.csproj", "{3AFCB573-4B60-40BB-9876-9BB69573E6E5}"
EndProject
Project("{FAE04EC0-301F-11D3-BF4B-00C04F79EFBC}") = "EncryptUtilities", "EncryptUtilities\EncryptUtilities.csproj", "{EB833D79-9D87-48EC-B396-79AACE685253}"
EndProject
Project("{FAE04EC0-301F-11D3-BF4B-00C04F79EFBC}") = "NetSparkle2010", "NetSparkle\NetSparkle2010.csproj", "{74635A21-2BAD-4522-AB95-E3E5703CD301}"
EndProject
Global
	GlobalSection(SolutionConfigurationPlatforms) = preSolution
		Debug|Any CPU = Debug|Any CPU
		Debug|Mixed Platforms = Debug|Mixed Platforms
		Debug|x64 = Debug|x64
		Debug|x86 = Debug|x86
		Release|Any CPU = Release|Any CPU
		Release|Mixed Platforms = Release|Mixed Platforms
		Release|x64 = Release|x64
		Release|x86 = Release|x86
	EndGlobalSection
	GlobalSection(ProjectConfigurationPlatforms) = postSolution
		{4A84CFF0-5B57-478A-BD42-C1054FB6E5B6}.Debug|Any CPU.ActiveCfg = Debug|x86
		{4A84CFF0-5B57-478A-BD42-C1054FB6E5B6}.Debug|Mixed Platforms.ActiveCfg = Debug|x86
		{4A84CFF0-5B57-478A-BD42-C1054FB6E5B6}.Debug|Mixed Platforms.Build.0 = Debug|x86
		{4A84CFF0-5B57-478A-BD42-C1054FB6E5B6}.Debug|x64.ActiveCfg = Debug|x86
		{4A84CFF0-5B57-478A-BD42-C1054FB6E5B6}.Debug|x86.ActiveCfg = Debug|x86
		{4A84CFF0-5B57-478A-BD42-C1054FB6E5B6}.Debug|x86.Build.0 = Debug|x86
		{4A84CFF0-5B57-478A-BD42-C1054FB6E5B6}.Release|Any CPU.ActiveCfg = Release|x86
		{4A84CFF0-5B57-478A-BD42-C1054FB6E5B6}.Release|Mixed Platforms.ActiveCfg = Release|x86
		{4A84CFF0-5B57-478A-BD42-C1054FB6E5B6}.Release|Mixed Platforms.Build.0 = Release|x86
		{4A84CFF0-5B57-478A-BD42-C1054FB6E5B6}.Release|x64.ActiveCfg = Release|x86
		{4A84CFF0-5B57-478A-BD42-C1054FB6E5B6}.Release|x86.ActiveCfg = Release|x86
		{4A84CFF0-5B57-478A-BD42-C1054FB6E5B6}.Release|x86.Build.0 = Release|x86
		{3AFCB573-4B60-40BB-9876-9BB69573E6E5}.Debug|Any CPU.ActiveCfg = Debug|Any CPU
		{3AFCB573-4B60-40BB-9876-9BB69573E6E5}.Debug|Any CPU.Build.0 = Debug|Any CPU
		{3AFCB573-4B60-40BB-9876-9BB69573E6E5}.Debug|Mixed Platforms.ActiveCfg = Debug|Any CPU
		{3AFCB573-4B60-40BB-9876-9BB69573E6E5}.Debug|Mixed Platforms.Build.0 = Debug|Any CPU
		{3AFCB573-4B60-40BB-9876-9BB69573E6E5}.Debug|x64.ActiveCfg = Debug|Any CPU
		{3AFCB573-4B60-40BB-9876-9BB69573E6E5}.Debug|x86.ActiveCfg = Debug|Any CPU
		{3AFCB573-4B60-40BB-9876-9BB69573E6E5}.Release|Any CPU.ActiveCfg = Release|Any CPU
		{3AFCB573-4B60-40BB-9876-9BB69573E6E5}.Release|Any CPU.Build.0 = Release|Any CPU
		{3AFCB573-4B60-40BB-9876-9BB69573E6E5}.Release|Mixed Platforms.ActiveCfg = Release|Any CPU
		{3AFCB573-4B60-40BB-9876-9BB69573E6E5}.Release|Mixed Platforms.Build.0 = Release|Any CPU
		{3AFCB573-4B60-40BB-9876-9BB69573E6E5}.Release|x64.ActiveCfg = Release|Any CPU
		{3AFCB573-4B60-40BB-9876-9BB69573E6E5}.Release|x86.ActiveCfg = Release|Any CPU
		{EB833D79-9D87-48EC-B396-79AACE685253}.Debug|Any CPU.ActiveCfg = Debug|Any CPU
		{EB833D79-9D87-48EC-B396-79AACE685253}.Debug|Any CPU.Build.0 = Debug|Any CPU
		{EB833D79-9D87-48EC-B396-79AACE685253}.Debug|Mixed Platforms.ActiveCfg = Debug|Any CPU
		{EB833D79-9D87-48EC-B396-79AACE685253}.Debug|Mixed Platforms.Build.0 = Debug|Any CPU
		{EB833D79-9D87-48EC-B396-79AACE685253}.Debug|x64.ActiveCfg = Debug|Any CPU
		{EB833D79-9D87-48EC-B396-79AACE685253}.Debug|x86.ActiveCfg = Debug|Any CPU
		{EB833D79-9D87-48EC-B396-79AACE685253}.Release|Any CPU.ActiveCfg = Release|Any CPU
		{EB833D79-9D87-48EC-B396-79AACE685253}.Release|Any CPU.Build.0 = Release|Any CPU
		{EB833D79-9D87-48EC-B396-79AACE685253}.Release|Mixed Platforms.ActiveCfg = Release|Any CPU
		{EB833D79-9D87-48EC-B396-79AACE685253}.Release|Mixed Platforms.Build.0 = Release|Any CPU
		{EB833D79-9D87-48EC-B396-79AACE685253}.Release|x64.ActiveCfg = Release|Any CPU
		{EB833D79-9D87-48EC-B396-79AACE685253}.Release|x86.ActiveCfg = Release|Any CPU
		{74635A21-2BAD-4522-AB95-E3E5703CD301}.Debug|Any CPU.ActiveCfg = Debug|Any CPU
		{74635A21-2BAD-4522-AB95-E3E5703CD301}.Debug|Any CPU.Build.0 = Debug|Any CPU
		{74635A21-2BAD-4522-AB95-E3E5703CD301}.Debug|Mixed Platforms.ActiveCfg = Debug|Any CPU
		{74635A21-2BAD-4522-AB95-E3E5703CD301}.Debug|Mixed Platforms.Build.0 = Debug|Any CPU
		{74635A21-2BAD-4522-AB95-E3E5703CD301}.Debug|x64.ActiveCfg = Debug|Any CPU
		{74635A21-2BAD-4522-AB95-E3E5703CD301}.Debug|x86.ActiveCfg = Debug|Any CPU
		{74635A21-2BAD-4522-AB95-E3E5703CD301}.Release|Any CPU.ActiveCfg = Release|Any CPU
		{74635A21-2BAD-4522-AB95-E3E5703CD301}.Release|Any CPU.Build.0 = Release|Any CPU
		{74635A21-2BAD-4522-AB95-E3E5703CD301}.Release|Mixed Platforms.ActiveCfg = Release|Any CPU
		{74635A21-2BAD-4522-AB95-E3E5703CD301}.Release|Mixed Platforms.Build.0 = Release|Any CPU
		{74635A21-2BAD-4522-AB95-E3E5703CD301}.Release|x64.ActiveCfg = Release|Any CPU
		{74635A21-2BAD-4522-AB95-E3E5703CD301}.Release|x86.ActiveCfg = Release|Any CPU
	EndGlobalSection
	GlobalSection(SolutionProperties) = preSolution
		HideSolutionNode = FALSE
	EndGlobalSection
EndGlobal
